
Microsoft Visual Studio Solution File, Format Version 12.00
# Visual Studio Version 16
VisualStudioVersion = 16.0.29009.5
MinimumVisualStudioVersion = 10.0.40219.1
Project("{9092AA53-FB77-4645-B42D-1CCCA6BD08BD}") = "TsProject", "TsProject.njsproj", "{EF9D926C-ED57-4A1E-9A8A-F02B1FB2009C}"
EndProject
Global
	GlobalSection(SolutionConfigurationPlatforms) = preSolution
		Debug|Any CPU = Debug|Any CPU
		Release|Any CPU = Release|Any CPU
	EndGlobalSection
	GlobalSection(ProjectConfigurationPlatforms) = postSolution
		{EF9D926C-ED57-4A1E-9A8A-F02B1FB2009C}.Debug|Any CPU.ActiveCfg = Debug|Any CPU
		{EF9D926C-ED57-4A1E-9A8A-F02B1FB2009C}.Debug|Any CPU.Build.0 = Debug|Any CPU
		{EF9D926C-ED57-4A1E-9A8A-F02B1FB2009C}.Release|Any CPU.ActiveCfg = Release|Any CPU
		{EF9D926C-ED57-4A1E-9A8A-F02B1FB2009C}.Release|Any CPU.Build.0 = Release|Any CPU
	EndGlobalSection
	GlobalSection(SolutionProperties) = preSolution
		HideSolutionNode = FALSE
	EndGlobalSection
	GlobalSection(ExtensibilityGlobals) = postSolution
		SolutionGuid = {42A240EE-E43A-49A2-9121-EAF697C3CAD7}
	EndGlobalSection
EndGlobal
